
Microsoft Visual Studio Solution File, Format Version 12.00
# Visual Studio Version 17
VisualStudioVersion = 17.11.35431.28
MinimumVisualStudioVersion = 10.0.40219.1
Project("{C9674DCB-5085-4A16-B785-4C70DD1589BD}") = "project", "project\project.dtproj", "{32EFC541-9CC6-410E-8D3D-729C47393960}"
EndProject
Global
	GlobalSection(SolutionConfigurationPlatforms) = preSolution
		Development|Default = Development|Default
	EndGlobalSection
	GlobalSection(ProjectConfigurationPlatforms) = postSolution
		{32EFC541-9CC6-410E-8D3D-729C47393960}.Development|Default.ActiveCfg = Development
		{32EFC541-9CC6-410E-8D3D-729C47393960}.Development|Default.Build.0 = Development
	EndGlobalSection
	GlobalSection(SolutionProperties) = preSolution
		HideSolutionNode = FALSE
	EndGlobalSection
	GlobalSection(ExtensibilityGlobals) = postSolution
		SolutionGuid = {B8DDD750-03BF-4691-B289-D4EEECA5E1EA}
	EndGlobalSection
EndGlobal
